github.com/zuzustack/go-say-hello v0.0.0-20221027174236-c5cb262d5740 h1:kXlqnWiXoe0j001356VvBvSm4LNXk7l22xGVzWL88Pk=
github.com/zuzustack/go-say-hello v0.0.0-20221027174236-c5cb262d5740/go.mod h1:dYDo69tw/S2IwSv6bbr4eZfIbnz2/lcnLNbXATptZ00=
github.com/zuzustack/go-say-hello v1.0.0 h1:VVT4rCHy8qIno3ZVjIMKOtoDGU0uN5WiQpQy8Ks2rUI=
github.com/zuzustack/go-say-hello v1.0.0/go.mod h1:dYDo69tw/S2IwSv6bbr4eZfIbnz2/lcnLNbXATptZ00=
github.com/zuzustack/go-say-hello v1.2.0 h1:aNY0Gx1IGHr85gJQShxHMooTGHSgge/1pcXuCONV9RY=
github.com/zuzustack/go-say-hello v1.2.0/go.mod h1:dYDo69tw/S2IwSv6bbr4eZfIbnz2/lcnLNbXATptZ00=
github.com/zuzustack/go-say-hello v1.2.5 h1:pR2gOjaqDfd6MZ3cMDbQiK8T/0eqKq2FRZXNPQRRjEs=
github.com/zuzustack/go-say-hello v1.2.5/go.mod h1:dYDo69tw/S2IwSv6bbr4eZfIbnz2/lcnLNbXATptZ00=
